
Microsoft Visual Studio Solution File, Format Version 12.00
# Visual Studio Version 17
VisualStudioVersion = 17.0.31903.59
MinimumVisualStudioVersion = 10.0.40219.1
Project("{FAE04EC0-301F-11D3-BF4B-00C04F79EFBC}") = "Computacion", "Computacion\Computacion.csproj", "{152F8E8E-F174-4122-93BA-2D3EEEC19F37}"
EndProject
Project("{FAE04EC0-301F-11D3-BF4B-00C04F79EFBC}") = "Biblioteca", "Biblioteca\Biblioteca.csproj", "{6403D950-433B-4AA9-8BCC-A8F6600898C6}"
EndProject
Global
	GlobalSection(SolutionConfigurationPlatforms) = preSolution
		Debug|Any CPU = Debug|Any CPU
		Release|Any CPU = Release|Any CPU
	EndGlobalSection
	GlobalSection(SolutionProperties) = preSolution
		HideSolutionNode = FALSE
	EndGlobalSection
	GlobalSection(ProjectConfigurationPlatforms) = postSolution
		{152F8E8E-F174-4122-93BA-2D3EEEC19F37}.Debug|Any CPU.ActiveCfg = Debug|Any CPU
		{152F8E8E-F174-4122-93BA-2D3EEEC19F37}.Debug|Any CPU.Build.0 = Debug|Any CPU
		{152F8E8E-F174-4122-93BA-2D3EEEC19F37}.Release|Any CPU.ActiveCfg = Release|Any CPU
		{152F8E8E-F174-4122-93BA-2D3EEEC19F37}.Release|Any CPU.Build.0 = Release|Any CPU
		{6403D950-433B-4AA9-8BCC-A8F6600898C6}.Debug|Any CPU.ActiveCfg = Debug|Any CPU
		{6403D950-433B-4AA9-8BCC-A8F6600898C6}.Debug|Any CPU.Build.0 = Debug|Any CPU
		{6403D950-433B-4AA9-8BCC-A8F6600898C6}.Release|Any CPU.ActiveCfg = Release|Any CPU
		{6403D950-433B-4AA9-8BCC-A8F6600898C6}.Release|Any CPU.Build.0 = Release|Any CPU
	EndGlobalSection
EndGlobal
